
Microsoft Visual Studio Solution File, Format Version 12.00
# Visual Studio Version 16
VisualStudioVersion = 16.0.29326.143
MinimumVisualStudioVersion = 10.0.40219.1
Project("{FAE04EC0-301F-11D3-BF4B-00C04F79EFBC}") = "Friend_List", "Friend_List.csproj", "{912DEEDA-F773-4D3E-B8B6-E18CD30B2FF6}"
EndProject
Global
	GlobalSection(SolutionConfigurationPlatforms) = preSolution
		Debug|Any CPU = Debug|Any CPU
		Release|Any CPU = Release|Any CPU
	EndGlobalSection
	GlobalSection(ProjectConfigurationPlatforms) = postSolution
		{912DEEDA-F773-4D3E-B8B6-E18CD30B2FF6}.Debug|Any CPU.ActiveCfg = Debug|Any CPU
		{912DEEDA-F773-4D3E-B8B6-E18CD30B2FF6}.Debug|Any CPU.Build.0 = Debug|Any CPU
		{912DEEDA-F773-4D3E-B8B6-E18CD30B2FF6}.Release|Any CPU.ActiveCfg = Release|Any CPU
		{912DEEDA-F773-4D3E-B8B6-E18CD30B2FF6}.Release|Any CPU.Build.0 = Release|Any CPU
	EndGlobalSection
	GlobalSection(SolutionProperties) = preSolution
		HideSolutionNode = FALSE
	EndGlobalSection
	GlobalSection(ExtensibilityGlobals) = postSolution
		SolutionGuid = {42FB7141-1306-4B71-A54E-CC04F87B84E9}
	EndGlobalSection
EndGlobal
